
Microsoft Visual Studio Solution File, Format Version 12.00
# Visual Studio Version 17
VisualStudioVersion = 17.8.34511.84
MinimumVisualStudioVersion = 10.0.40219.1
Project("{FAE04EC0-301F-11D3-BF4B-00C04F79EFBC}") = "API_SalonPrograAvanzada", "API_SalonPrograAvanzada\API_SalonPrograAvanzada.csproj", "{335ACDF6-9C96-4C92-B421-41BC51D1F34E}"
EndProject
Global
	GlobalSection(SolutionConfigurationPlatforms) = preSolution
		Debug|Any CPU = Debug|Any CPU
		Release|Any CPU = Release|Any CPU
	EndGlobalSection
	GlobalSection(ProjectConfigurationPlatforms) = postSolution
		{335ACDF6-9C96-4C92-B421-41BC51D1F34E}.Debug|Any CPU.ActiveCfg = Debug|Any CPU
		{335ACDF6-9C96-4C92-B421-41BC51D1F34E}.Debug|Any CPU.Build.0 = Debug|Any CPU
		{335ACDF6-9C96-4C92-B421-41BC51D1F34E}.Release|Any CPU.ActiveCfg = Release|Any CPU
		{335ACDF6-9C96-4C92-B421-41BC51D1F34E}.Release|Any CPU.Build.0 = Release|Any CPU
	EndGlobalSection
	GlobalSection(SolutionProperties) = preSolution
		HideSolutionNode = FALSE
	EndGlobalSection
	GlobalSection(ExtensibilityGlobals) = postSolution
		SolutionGuid = {D6CED0BF-4090-4B87-877F-B7E0EB6B74DE}
	EndGlobalSection
EndGlobal
