
Microsoft Visual Studio Solution File, Format Version 12.00
# Visual Studio Version 17
VisualStudioVersion = 17.8.34511.84
MinimumVisualStudioVersion = 10.0.40219.1
Project("{FAE04EC0-301F-11D3-BF4B-00C04F79EFBC}") = "SalonPrograAvanzadaAPI", "SalonPrograAvanzadaAPI\SalonPrograAvanzadaAPI.csproj", "{A36CA444-F496-48CE-B687-BEBB93D47F11}"
EndProject
Global
	GlobalSection(SolutionConfigurationPlatforms) = preSolution
		Debug|Any CPU = Debug|Any CPU
		Release|Any CPU = Release|Any CPU
	EndGlobalSection
	GlobalSection(ProjectConfigurationPlatforms) = postSolution
		{A36CA444-F496-48CE-B687-BEBB93D47F11}.Debug|Any CPU.ActiveCfg = Debug|Any CPU
		{A36CA444-F496-48CE-B687-BEBB93D47F11}.Debug|Any CPU.Build.0 = Debug|Any CPU
		{A36CA444-F496-48CE-B687-BEBB93D47F11}.Release|Any CPU.ActiveCfg = Release|Any CPU
		{A36CA444-F496-48CE-B687-BEBB93D47F11}.Release|Any CPU.Build.0 = Release|Any CPU
	EndGlobalSection
	GlobalSection(SolutionProperties) = preSolution
		HideSolutionNode = FALSE
	EndGlobalSection
	GlobalSection(ExtensibilityGlobals) = postSolution
		SolutionGuid = {E6E9A0B7-331E-4CFD-983C-8B747CE6BDB1}
	EndGlobalSection
EndGlobal
